// !$*UTF8*$!
{
	archiveVersion = 1;
	classes = {
	};
	objectVersion = 56;
	objects = {

/* Begin PBXBuildFile section */
		FBB586D82A7AA6B400ECD81B /* AppDelegate.swift in Sources */ = {isa = PBXBuildFile; fileRef = FBB586D72A7AA6B400ECD81B /* AppDelegate.swift */; };
		FBB586DA2A7AA6B400ECD81B /* SceneDelegate.swift in Sources */ = {isa = PBXBuildFile; fileRef = FBB586D92A7AA6B400ECD81B /* SceneDelegate.swift */; };
		FBB586DC2A7AA6B400ECD81B /* MainViewController.swift in Sources */ = {isa = PBXBuildFile; fileRef = FBB586DB2A7AA6B400ECD81B /* MainViewController.swift */; };
		FBB586E12A7AA6B500ECD81B /* Assets.xcassets in Resources */ = {isa = PBXBuildFile; fileRef = FBB586E02A7AA6B500ECD81B /* Assets.xcassets */; };
		FBB586E42A7AA6B500ECD81B /* LaunchScreen.storyboard in Resources */ = {isa = PBXBuildFile; fileRef = FBB586E22A7AA6B500ECD81B /* LaunchScreen.storyboard */; };
		FBB586F32A7AA72C00ECD81B /* TextFieldExtension.swift in Sources */ = {isa = PBXBuildFile; fileRef = FBB586EB2A7AA72B00ECD81B /* TextFieldExtension.swift */; };
		FBB586F42A7AA72C00ECD81B /* Helper.swift in Sources */ = {isa = PBXBuildFile; fileRef = FBB586EC2A7AA72B00ECD81B /* Helper.swift */; };
		FBB586F52A7AA72C00ECD81B /* StackViewExtension.swift in Sources */ = {isa = PBXBuildFile; fileRef = FBB586ED2A7AA72B00ECD81B /* StackViewExtension.swift */; };
		FBB586F62A7AA72C00ECD81B /* ViewSettings.swift in Sources */ = {isa = PBXBuildFile; fileRef = FBB586EE2A7AA72B00ECD81B /* ViewSettings.swift */; };
		FBB586F72A7AA72C00ECD81B /* LabelExtension.swift in Sources */ = {isa = PBXBuildFile; fileRef = FBB586EF2A7AA72B00ECD81B /* LabelExtension.swift */; };
		FBB586F82A7AA72C00ECD81B /* ODColors.swift in Sources */ = {isa = PBXBuildFile; fileRef = FBB586F02A7AA72B00ECD81B /* ODColors.swift */; };
		FBB586F92A7AA72C00ECD81B /* ODFonts.swift in Sources */ = {isa = PBXBuildFile; fileRef = FBB586F12A7AA72B00ECD81B /* ODFonts.swift */; };
		FBB586FA2A7AA72C00ECD81B /* ButtonExtension.swift in Sources */ = {isa = PBXBuildFile; fileRef = FBB586F22A7AA72B00ECD81B /* ButtonExtension.swift */; };
		FBB587012A7AAFD700ECD81B /* MainVCView.swift in Sources */ = {isa = PBXBuildFile; fileRef = FBB587002A7AAFD700ECD81B /* MainVCView.swift */; };
		FBB587032A7AB11100ECD81B /* MainPresenter.swift in Sources */ = {isa = PBXBuildFile; fileRef = FBB587022A7AB11100ECD81B /* MainPresenter.swift */; };
		FBB587052A7AC03100ECD81B /* MainSkillCollectionCell.swift in Sources */ = {isa = PBXBuildFile; fileRef = FBB587042A7AC03100ECD81B /* MainSkillCollectionCell.swift */; };
		FBB587072A7AEB1900ECD81B /* ProfileModel.swift in Sources */ = {isa = PBXBuildFile; fileRef = FBB587062A7AEB1900ECD81B /* ProfileModel.swift */; };
		FBC58B882A7C13D90087174A /* UserDefault.swift in Sources */ = {isa = PBXBuildFile; fileRef = FBC58B872A7C13D90087174A /* UserDefault.swift */; };
/* End PBXBuildFile section */

/* Begin PBXFileReference section */
		FBB586D42A7AA6B400ECD81B /* SelfSurfTestApp.app */ = {isa = PBXFileReference; explicitFileType = wrapper.application; includeInIndex = 0; path = SelfSurfTestApp.app; sourceTree = BUILT_PRODUCTS_DIR; };
		FBB586D72A7AA6B400ECD81B /* AppDelegate.swift */ = {isa = PBXFileReference; lastKnownFileType = sourcecode.swift; path = AppDelegate.swift; sourceTree = "<group>"; };
		FBB586D92A7AA6B400ECD81B /* SceneDelegate.swift */ = {isa = PBXFileReference; lastKnownFileType = sourcecode.swift; path = SceneDelegate.swift; sourceTree = "<group>"; };
		FBB586DB2A7AA6B400ECD81B /* MainViewController.swift */ = {isa = PBXFileReference; lastKnownFileType = sourcecode.swift; path = MainViewController.swift; sourceTree = "<group>"; };
		FBB586E02A7AA6B500ECD81B /* Assets.xcassets */ = {isa = PBXFileReference; lastKnownFileType = folder.assetcatalog; path = Assets.xcassets; sourceTree = "<group>"; };
		FBB586E32A7AA6B500ECD81B /* Base */ = {isa = PBXFileReference; lastKnownFileType = file.storyboard; name = Base; path = Base.lproj/LaunchScreen.storyboard; sourceTree = "<group>"; };
		FBB586E52A7AA6B500ECD81B /* Info.plist */ = {isa = PBXFileReference; lastKnownFileType = text.plist.xml; path = Info.plist; sourceTree = "<group>"; };
		FBB586EB2A7AA72B00ECD81B /* TextFieldExtension.swift */ = {isa = PBXFileReference; fileEncoding = 4; lastKnownFileType = sourcecode.swift; path = TextFieldExtension.swift; sourceTree = "<group>"; };
		FBB586EC2A7AA72B00ECD81B /* Helper.swift */ = {isa = PBXFileReference; fileEncoding = 4; lastKnownFileType = sourcecode.swift; path = Helper.swift; sourceTree = "<group>"; };
		FBB586ED2A7AA72B00ECD81B /* StackViewExtension.swift */ = {isa = PBXFileReference; fileEncoding = 4; lastKnownFileType = sourcecode.swift; path = StackViewExtension.swift; sourceTree = "<group>"; };
		FBB586EE2A7AA72B00ECD81B /* ViewSettings.swift */ = {isa = PBXFileReference; fileEncoding = 4; lastKnownFileType = sourcecode.swift; path = ViewSettings.swift; sourceTree = "<group>"; };
		FBB586EF2A7AA72B00ECD81B /* LabelExtension.swift */ = {isa = PBXFileReference; fileEncoding = 4; lastKnownFileType = sourcecode.swift; path = LabelExtension.swift; sourceTree = "<group>"; };
		FBB586F02A7AA72B00ECD81B /* ODColors.swift */ = {isa = PBXFileReference; fileEncoding = 4; lastKnownFileType = sourcecode.swift; path = ODColors.swift; sourceTree = "<group>"; };
		FBB586F12A7AA72B00ECD81B /* ODFonts.swift */ = {isa = PBXFileReference; fileEncoding = 4; lastKnownFileType = sourcecode.swift; path = ODFonts.swift; sourceTree = "<group>"; };
		FBB586F22A7AA72B00ECD81B /* ButtonExtension.swift */ = {isa = PBXFileReference; fileEncoding = 4; lastKnownFileType = sourcecode.swift; path = ButtonExtension.swift; sourceTree = "<group>"; };
		FBB587002A7AAFD700ECD81B /* MainVCView.swift */ = {isa = PBXFileReference; lastKnownFileType = sourcecode.swift; path = MainVCView.swift; sourceTree = "<group>"; };
		FBB587022A7AB11100ECD81B /* MainPresenter.swift */ = {isa = PBXFileReference; lastKnownFileType = sourcecode.swift; path = MainPresenter.swift; sourceTree = "<group>"; };
		FBB587042A7AC03100ECD81B /* MainSkillCollectionCell.swift */ = {isa = PBXFileReference; lastKnownFileType = sourcecode.swift; path = MainSkillCollectionCell.swift; sourceTree = "<group>"; };
		FBB587062A7AEB1900ECD81B /* ProfileModel.swift */ = {isa = PBXFileReference; lastKnownFileType = sourcecode.swift; path = ProfileModel.swift; sourceTree = "<group>"; };
		FBC58B872A7C13D90087174A /* UserDefault.swift */ = {isa = PBXFileReference; lastKnownFileType = sourcecode.swift; path = UserDefault.swift; sourceTree = "<group>"; };
/* End PBXFileReference section */

/* Begin PBXFrameworksBuildPhase section */
		FBB586D12A7AA6B400ECD81B /* Frameworks */ = {
			isa = PBXFrameworksBuildPhase;
			buildActionMask = 2147483647;
			files = (
			);
			runOnlyForDeploymentPostprocessing = 0;
		};
/* End PBXFrameworksBuildPhase section */

/* Begin PBXGroup section */
		FBB586CB2A7AA6B400ECD81B = {
			isa = PBXGroup;
			children = (
				FBB586D62A7AA6B400ECD81B /* SelfSurfTestApp */,
				FBB586D52A7AA6B400ECD81B /* Products */,
			);
			sourceTree = "<group>";
		};
		FBB586D52A7AA6B400ECD81B /* Products */ = {
			isa = PBXGroup;
			children = (
				FBB586D42A7AA6B400ECD81B /* SelfSurfTestApp.app */,
			);
			name = Products;
			sourceTree = "<group>";
		};
		FBB586D62A7AA6B400ECD81B /* SelfSurfTestApp */ = {
			isa = PBXGroup;
			children = (
				FBC58B862A7C13C00087174A /* Services */,
				FBB586FB2A7AA73600ECD81B /* EasyWay */,
				FBB586FE2A7AAF4300ECD81B /* Model */,
				FBB586FF2A7AAF4D00ECD81B /* View */,
				FBB586FD2A7AAF3200ECD81B /* Presenters */,
				FBB586FC2A7AAF1F00ECD81B /* Scene */,
				FBB586E02A7AA6B500ECD81B /* Assets.xcassets */,
				FBB586E22A7AA6B500ECD81B /* LaunchScreen.storyboard */,
				FBB586E52A7AA6B500ECD81B /* Info.plist */,
			);
			path = SelfSurfTestApp;
			sourceTree = "<group>";
		};
		FBB586FB2A7AA73600ECD81B /* EasyWay */ = {
			isa = PBXGroup;
			children = (
				FBB586F22A7AA72B00ECD81B /* ButtonExtension.swift */,
				FBB586EC2A7AA72B00ECD81B /* Helper.swift */,
				FBB586EF2A7AA72B00ECD81B /* LabelExtension.swift */,
				FBB586F02A7AA72B00ECD81B /* ODColors.swift */,
				FBB586F12A7AA72B00ECD81B /* ODFonts.swift */,
				FBB586ED2A7AA72B00ECD81B /* StackViewExtension.swift */,
				FBB586EB2A7AA72B00ECD81B /* TextFieldExtension.swift */,
				FBB586EE2A7AA72B00ECD81B /* ViewSettings.swift */,
			);
			path = EasyWay;
			sourceTree = "<group>";
		};
		FBB586FC2A7AAF1F00ECD81B /* Scene */ = {
			isa = PBXGroup;
			children = (
				FBB586D72A7AA6B400ECD81B /* AppDelegate.swift */,
				FBB586D92A7AA6B400ECD81B /* SceneDelegate.swift */,
			);
			path = Scene;
			sourceTree = "<group>";
		};
		FBB586FD2A7AAF3200ECD81B /* Presenters */ = {
			isa = PBXGroup;
			children = (
				FBB587022A7AB11100ECD81B /* MainPresenter.swift */,
			);
			path = Presenters;
			sourceTree = "<group>";
		};
		FBB586FE2A7AAF4300ECD81B /* Model */ = {
			isa = PBXGroup;
			children = (
				FBB587062A7AEB1900ECD81B /* ProfileModel.swift */,
			);
			path = Model;
			sourceTree = "<group>";
		};
		FBB586FF2A7AAF4D00ECD81B /* View */ = {
			isa = PBXGroup;
			children = (
				FBB586DB2A7AA6B400ECD81B /* MainViewController.swift */,
				FBB587002A7AAFD700ECD81B /* MainVCView.swift */,
				FBB587042A7AC03100ECD81B /* MainSkillCollectionCell.swift */,
			);
			path = View;
			sourceTree = "<group>";
		};
		FBC58B862A7C13C00087174A /* Services */ = {
			isa = PBXGroup;
			children = (
				FBC58B872A7C13D90087174A /* UserDefault.swift */,
			);
			path = Services;
			sourceTree = "<group>";
		};
/* End PBXGroup section */

/* Begin PBXNativeTarget section */
		FBB586D32A7AA6B400ECD81B /* SelfSurfTestApp */ = {
			isa = PBXNativeTarget;
			buildConfigurationList = FBB586E82A7AA6B500ECD81B /* Build configuration list for PBXNativeTarget "SelfSurfTestApp" */;
			buildPhases = (
				FBB586D02A7AA6B400ECD81B /* Sources */,
				FBB586D12A7AA6B400ECD81B /* Frameworks */,
				FBB586D22A7AA6B400ECD81B /* Resources */,
			);
			buildRules = (
			);
			dependencies = (
			);
			name = SelfSurfTestApp;
			productName = SelfSurfTestApp;
			productReference = FBB586D42A7AA6B400ECD81B /* SelfSurfTestApp.app */;
			productType = "com.apple.product-type.application";
		};
/* End PBXNativeTarget section */

/* Begin PBXProject section */
		FBB586CC2A7AA6B400ECD81B /* Project object */ = {
			isa = PBXProject;
			attributes = {
				BuildIndependentTargetsInParallel = 1;
				LastSwiftUpdateCheck = 1500;
				LastUpgradeCheck = 1500;
				TargetAttributes = {
					FBB586D32A7AA6B400ECD81B = {
						CreatedOnToolsVersion = 15.0;
					};
				};
			};
			buildConfigurationList = FBB586CF2A7AA6B400ECD81B /* Build configuration list for PBXProject "SelfSurfTestApp" */;
			compatibilityVersion = "Xcode 14.0";
			developmentRegion = en;
			hasScannedForEncodings = 0;
			knownRegions = (
				en,
				Base,
			);
			mainGroup = FBB586CB2A7AA6B400ECD81B;
			productRefGroup = FBB586D52A7AA6B400ECD81B /* Products */;
			projectDirPath = "";
			projectRoot = "";
			targets = (
				FBB586D32A7AA6B400ECD81B /* SelfSurfTestApp */,
			);
		};
/* End PBXProject section */

/* Begin PBXResourcesBuildPhase section */
		FBB586D22A7AA6B400ECD81B /* Resources */ = {
			isa = PBXResourcesBuildPhase;
			buildActionMask = 2147483647;
			files = (
				FBB586E42A7AA6B500ECD81B /* LaunchScreen.storyboard in Resources */,
				FBB586E12A7AA6B500ECD81B /* Assets.xcassets in Resources */,
			);
			runOnlyForDeploymentPostprocessing = 0;
		};
/* End PBXResourcesBuildPhase section */

/* Begin PBXSourcesBuildPhase section */
		FBB586D02A7AA6B400ECD81B /* Sources */ = {
			isa = PBXSourcesBuildPhase;
			buildActionMask = 2147483647;
			files = (
				FBC58B882A7C13D90087174A /* UserDefault.swift in Sources */,
				FBB587072A7AEB1900ECD81B /* ProfileModel.swift in Sources */,
				FBB587012A7AAFD700ECD81B /* MainVCView.swift in Sources */,
				FBB586FA2A7AA72C00ECD81B /* ButtonExtension.swift in Sources */,
				FBB586DC2A7AA6B400ECD81B /* MainViewController.swift in Sources */,
				FBB586F82A7AA72C00ECD81B /* ODColors.swift in Sources */,
				FBB586F32A7AA72C00ECD81B /* TextFieldExtension.swift in Sources */,
				FBB586F42A7AA72C00ECD81B /* Helper.swift in Sources */,
				FBB587032A7AB11100ECD81B /* MainPresenter.swift in Sources */,
				FBB586F52A7AA72C00ECD81B /* StackViewExtension.swift in Sources */,
				FBB586F72A7AA72C00ECD81B /* LabelExtension.swift in Sources */,
				FBB586F62A7AA72C00ECD81B /* ViewSettings.swift in Sources */,
				FBB587052A7AC03100ECD81B /* MainSkillCollectionCell.swift in Sources */,
				FBB586F92A7AA72C00ECD81B /* ODFonts.swift in Sources */,
				FBB586D82A7AA6B400ECD81B /* AppDelegate.swift in Sources */,
				FBB586DA2A7AA6B400ECD81B /* SceneDelegate.swift in Sources */,
			);
			runOnlyForDeploymentPostprocessing = 0;
		};
/* End PBXSourcesBuildPhase section */

/* Begin PBXVariantGroup section */
		FBB586E22A7AA6B500ECD81B /* LaunchScreen.storyboard */ = {
			isa = PBXVariantGroup;
			children = (
				FBB586E32A7AA6B500ECD81B /* Base */,
			);
			name = LaunchScreen.storyboard;
			sourceTree = "<group>";
		};
/* End PBXVariantGroup section */

/* Begin XCBuildConfiguration section */
		FBB586E62A7AA6B500ECD81B /* Debug */ = {
			isa = XCBuildConfiguration;
			buildSettings = {
				ALWAYS_SEARCH_USER_PATHS = NO;
				ASSETCATALOG_COMPILER_GENERATE_SWIFT_ASSET_SYMBOL_EXTENSIONS = YES;
				CLANG_ANALYZER_NONNULL = YES;
				CLANG_ANALYZER_NUMBER_OBJECT_CONVERSION = YES_AGGRESSIVE;
				CLANG_CXX_LANGUAGE_STANDARD = "gnu++20";
				CLANG_ENABLE_MODULES = YES;
				CLANG_ENABLE_OBJC_ARC = YES;
				CLANG_ENABLE_OBJC_WEAK = YES;
				CLANG_WARN_BLOCK_CAPTURE_AUTORELEASING = YES;
				CLANG_WARN_BOOL_CONVERSION = YES;
				CLANG_WARN_COMMA = YES;
				CLANG_WARN_CONSTANT_CONVERSION = YES;
				CLANG_WARN_DEPRECATED_OBJC_IMPLEMENTATIONS = YES;
				CLANG_WARN_DIRECT_OBJC_ISA_USAGE = YES_ERROR;
				CLANG_WARN_DOCUMENTATION_COMMENTS = YES;
				CLANG_WARN_EMPTY_BODY = YES;
				CLANG_WARN_ENUM_CONVERSION = YES;
				CLANG_WARN_INFINITE_RECURSION = YES;
				CLANG_WARN_INT_CONVERSION = YES;
				CLANG_WARN_NON_LITERAL_NULL_CONVERSION = YES;
				CLANG_WARN_OBJC_IMPLICIT_RETAIN_SELF = YES;
				CLANG_WARN_OBJC_LITERAL_CONVERSION = YES;
				CLANG_WARN_OBJC_ROOT_CLASS = YES_ERROR;
				CLANG_WARN_QUOTED_INCLUDE_IN_FRAMEWORK_HEADER = YES;
				CLANG_WARN_RANGE_LOOP_ANALYSIS = YES;
				CLANG_WARN_STRICT_PROTOTYPES = YES;
				CLANG_WARN_SUSPICIOUS_MOVE = YES;
				CLANG_WARN_UNGUARDED_AVAILABILITY = YES_AGGRESSIVE;
				CLANG_WARN_UNREACHABLE_CODE = YES;
				CLANG_WARN__DUPLICATE_METHOD_MATCH = YES;
				COPY_PHASE_STRIP = NO;
				DEBUG_INFORMATION_FORMAT = dwarf;
				ENABLE_STRICT_OBJC_MSGSEND = YES;
				ENABLE_TESTABILITY = YES;
				ENABLE_USER_SCRIPT_SANDBOXING = YES;
				GCC_C_LANGUAGE_STANDARD = gnu17;
				GCC_DYNAMIC_NO_PIC = NO;
				GCC_NO_COMMON_BLOCKS = YES;
				GCC_OPTIMIZATION_LEVEL = 0;
				GCC_PREPROCESSOR_DEFINITIONS = (
					"DEBUG=1",
					"$(inherited)",
				);
				GCC_WARN_64_TO_32_BIT_CONVERSION = YES;
				GCC_WARN_ABOUT_RETURN_TYPE = YES_ERROR;
				GCC_WARN_UNDECLARED_SELECTOR = YES;
				GCC_WARN_UNINITIALIZED_AUTOS = YES_AGGRESSIVE;
				GCC_WARN_UNUSED_FUNCTION = YES;
				GCC_WARN_UNUSED_VARIABLE = YES;
				IPHONEOS_DEPLOYMENT_TARGET = 17.0;
				LOCALIZATION_PREFERS_STRING_CATALOGS = YES;
				MTL_ENABLE_DEBUG_INFO = INCLUDE_SOURCE;
				MTL_FAST_MATH = YES;
				ONLY_ACTIVE_ARCH = YES;
				SDKROOT = iphoneos;
				SWIFT_ACTIVE_COMPILATION_CONDITIONS = "DEBUG $(inherited)";
				SWIFT_OPTIMIZATION_LEVEL = "-Onone";
			};
			name = Debug;
		};
		FBB586E72A7AA6B500ECD81B /* Release */ = {
			isa = XCBuildConfiguration;
			buildSettings = {
				ALWAYS_SEARCH_USER_PATHS = NO;
				ASSETCATALOG_COMPILER_GENERATE_SWIFT_ASSET_SYMBOL_EXTENSIONS = YES;
				CLANG_ANALYZER_NONNULL = YES;
				CLANG_ANALYZER_NUMBER_OBJECT_CONVERSION = YES_AGGRESSIVE;
				CLANG_CXX_LANGUAGE_STANDARD = "gnu++20";
				CLANG_ENABLE_MODULES = YES;
				CLANG_ENABLE_OBJC_ARC = YES;
				CLANG_ENABLE_OBJC_WEAK = YES;
				CLANG_WARN_BLOCK_CAPTURE_AUTORELEASING = YES;
				CLANG_WARN_BOOL_CONVERSION = YES;
				CLANG_WARN_COMMA = YES;
				CLANG_WARN_CONSTANT_CONVERSION = YES;
				CLANG_WARN_DEPRECATED_OBJC_IMPLEMENTATIONS = YES;
				CLANG_WARN_DIRECT_OBJC_ISA_USAGE = YES_ERROR;
				CLANG_WARN_DOCUMENTATION_COMMENTS = YES;
				CLANG_WARN_EMPTY_BODY = YES;
				CLANG_WARN_ENUM_CONVERSION = YES;
				CLANG_WARN_INFINITE_RECURSION = YES;
				CLANG_WARN_INT_CONVERSION = YES;
				CLANG_WARN_NON_LITERAL_NULL_CONVERSION = YES;
				CLANG_WARN_OBJC_IMPLICIT_RETAIN_SELF = YES;
				CLANG_WARN_OBJC_LITERAL_CONVERSION = YES;
				CLANG_WARN_OBJC_ROOT_CLASS = YES_ERROR;
				CLANG_WARN_QUOTED_INCLUDE_IN_FRAMEWORK_HEADER = YES;
				CLANG_WARN_RANGE_LOOP_ANALYSIS = YES;
				CLANG_WARN_STRICT_PROTOTYPES = YES;
				CLANG_WARN_SUSPICIOUS_MOVE = YES;
				CLANG_WARN_UNGUARDED_AVAILABILITY = YES_AGGRESSIVE;
				CLANG_WARN_UNREACHABLE_CODE = YES;
				CLANG_WARN__DUPLICATE_METHOD_MATCH = YES;
				COPY_PHASE_STRIP = NO;
				DEBUG_INFORMATION_FORMAT = "dwarf-with-dsym";
				ENABLE_NS_ASSERTIONS = NO;
				ENABLE_STRICT_OBJC_MSGSEND = YES;
				ENABLE_USER_SCRIPT_SANDBOXING = YES;
				GCC_C_LANGUAGE_STANDARD = gnu17;
				GCC_NO_COMMON_BLOCKS = YES;
				GCC_WARN_64_TO_32_BIT_CONVERSION = YES;
				GCC_WARN_ABOUT_RETURN_TYPE = YES_ERROR;
				GCC_WARN_UNDECLARED_SELECTOR = YES;
				GCC_WARN_UNINITIALIZED_AUTOS = YES_AGGRESSIVE;
				GCC_WARN_UNUSED_FUNCTION = YES;
				GCC_WARN_UNUSED_VARIABLE = YES;
				IPHONEOS_DEPLOYMENT_TARGET = 17.0;
				LOCALIZATION_PREFERS_STRING_CATALOGS = YES;
				MTL_ENABLE_DEBUG_INFO = NO;
				MTL_FAST_MATH = YES;
				SDKROOT = iphoneos;
				SWIFT_COMPILATION_MODE = wholemodule;
				VALIDATE_PRODUCT = YES;
			};
			name = Release;
		};
		FBB586E92A7AA6B500ECD81B /* Debug */ = {
			isa = XCBuildConfiguration;
			buildSettings = {
				ASSETCATALOG_COMPILER_APPICON_NAME = AppIcon;
				ASSETCATALOG_COMPILER_GLOBAL_ACCENT_COLOR_NAME = AccentColor;
				CODE_SIGN_STYLE = Automatic;
				CURRENT_PROJECT_VERSION = 1;
				DEVELOPMENT_TEAM = 5JSNU535FQ;
				GENERATE_INFOPLIST_FILE = YES;
				INFOPLIST_FILE = SelfSurfTestApp/Info.plist;
				INFOPLIST_KEY_UIApplicationSupportsIndirectInputEvents = YES;
				INFOPLIST_KEY_UILaunchStoryboardName = LaunchScreen;
				INFOPLIST_KEY_UISupportedInterfaceOrientations_iPad = "UIInterfaceOrientationPortrait UIInterfaceOrientationPortraitUpsideDown UIInterfaceOrientationLandscapeLeft UIInterfaceOrientationLandscapeRight";
				INFOPLIST_KEY_UISupportedInterfaceOrientations_iPhone = "UIInterfaceOrientationPortrait UIInterfaceOrientationLandscapeLeft UIInterfaceOrientationLandscapeRight";
				LD_RUNPATH_SEARCH_PATHS = (
					"$(inherited)",
					"@executable_path/Frameworks",
				);
				MARKETING_VERSION = 1.0;
				PRODUCT_BUNDLE_IDENTIFIER = Ottos.SelfSurfTestApp;
				PRODUCT_NAME = "$(TARGET_NAME)";
				SWIFT_EMIT_LOC_STRINGS = YES;
				SWIFT_VERSION = 5.0;
				TARGETED_DEVICE_FAMILY = "1,2";
			};
			name = Debug;
		};
		FBB586EA2A7AA6B500ECD81B /* Release */ = {
			isa = XCBuildConfiguration;
			buildSettings = {
				ASSETCATALOG_COMPILER_APPICON_NAME = AppIcon;
				ASSETCATALOG_COMPILER_GLOBAL_ACCENT_COLOR_NAME = AccentColor;
				CODE_SIGN_STYLE = Automatic;
				CURRENT_PROJECT_VERSION = 1;
				DEVELOPMENT_TEAM = 5JSNU535FQ;
				GENERATE_INFOPLIST_FILE = YES;
				INFOPLIST_FILE = SelfSurfTestApp/Info.plist;
				INFOPLIST_KEY_UIApplicationSupportsIndirectInputEvents = YES;
				INFOPLIST_KEY_UILaunchStoryboardName = LaunchScreen;
				INFOPLIST_KEY_UISupportedInterfaceOrientations_iPad = "UIInterfaceOrientationPortrait UIInterfaceOrientationPortraitUpsideDown UIInterfaceOrientationLandscapeLeft UIInterfaceOrientationLandscapeRight";
				INFOPLIST_KEY_UISupportedInterfaceOrientations_iPhone = "UIInterfaceOrientationPortrait UIInterfaceOrientationLandscapeLeft UIInterfaceOrientationLandscapeRight";
				LD_RUNPATH_SEARCH_PATHS = (
					"$(inherited)",
					"@executable_path/Frameworks",
				);
				MARKETING_VERSION = 1.0;
				PRODUCT_BUNDLE_IDENTIFIER = Ottos.SelfSurfTestApp;
				PRODUCT_NAME = "$(TARGET_NAME)";
				SWIFT_EMIT_LOC_STRINGS = YES;
				SWIFT_VERSION = 5.0;
				TARGETED_DEVICE_FAMILY = "1,2";
			};
			name = Release;
		};
/* End XCBuildConfiguration section */

/* Begin XCConfigurationList section */
		FBB586CF2A7AA6B400ECD81B /* Build configuration list for PBXProject "SelfSurfTestApp" */ = {
			isa = XCConfigurationList;
			buildConfigurations = (
				FBB586E62A7AA6B500ECD81B /* Debug */,
				FBB586E72A7AA6B500ECD81B /* Release */,
			);
			defaultConfigurationIsVisible = 0;
			defaultConfigurationName = Release;
		};
		FBB586E82A7AA6B500ECD81B /* Build configuration list for PBXNativeTarget "SelfSurfTestApp" */ = {
			isa = XCConfigurationList;
			buildConfigurations = (
				FBB586E92A7AA6B500ECD81B /* Debug */,
				FBB586EA2A7AA6B500ECD81B /* Release */,
			);
			defaultConfigurationIsVisible = 0;
			defaultConfigurationName = Release;
		};
/* End XCConfigurationList section */
	};
	rootObject = FBB586CC2A7AA6B400ECD81B /* Project object */;
}
